
Microsoft Visual Studio Solution File, Format Version 12.00
# Visual Studio 15
VisualStudioVersion = 15.0.27130.2036
MinimumVisualStudioVersion = 10.0.40219.1
Project("{FAE04EC0-301F-11D3-BF4B-00C04F79EFBC}") = "owncloud-sharp", "owncloud-sharp.csproj", "{09279090-92F9-4073-BC76-55B8F8DF32C8}"
EndProject
Global
	GlobalSection(SolutionConfigurationPlatforms) = preSolution
		Debug|Any CPU = Debug|Any CPU
		Release|Any CPU = Release|Any CPU
	EndGlobalSection
	GlobalSection(ProjectConfigurationPlatforms) = postSolution
		{09279090-92F9-4073-BC76-55B8F8DF32C8}.Debug|Any CPU.ActiveCfg = Debug|Any CPU
		{09279090-92F9-4073-BC76-55B8F8DF32C8}.Debug|Any CPU.Build.0 = Debug|Any CPU
		{09279090-92F9-4073-BC76-55B8F8DF32C8}.Release|Any CPU.ActiveCfg = Release|Any CPU
		{09279090-92F9-4073-BC76-55B8F8DF32C8}.Release|Any CPU.Build.0 = Release|Any CPU
	EndGlobalSection
	GlobalSection(SolutionProperties) = preSolution
		HideSolutionNode = FALSE
	EndGlobalSection
	GlobalSection(ExtensibilityGlobals) = postSolution
		SolutionGuid = {1EE03247-303F-40B1-904B-4D9668354EBD}
	EndGlobalSection
EndGlobal
